
Microsoft Visual Studio Solution File, Format Version 12.00
# Visual Studio Version 17
VisualStudioVersion = 17.0.31815.197
MinimumVisualStudioVersion = 10.0.40219.1
Project("{9A19103F-16F7-4668-BE54-9A1E7A4F7556}") = "ConsoleApp9", "ConsoleApp9\ConsoleApp9.csproj", "{325DE41E-BD4A-4110-932E-955C56AA408D}"
EndProject
Project("{FAE04EC0-301F-11D3-BF4B-00C04F79EFBC}") = "FilterOfFIlter", "FilterOfFIlter\FilterOfFIlter.csproj", "{471221B2-5A6D-4FD2-B9D6-CAA09AED05D1}"
EndProject
Global
	GlobalSection(SolutionConfigurationPlatforms) = preSolution
		Debug|Any CPU = Debug|Any CPU
		Release|Any CPU = Release|Any CPU
	EndGlobalSection
	GlobalSection(ProjectConfigurationPlatforms) = postSolution
		{325DE41E-BD4A-4110-932E-955C56AA408D}.Debug|Any CPU.ActiveCfg = Debug|Any CPU
		{325DE41E-BD4A-4110-932E-955C56AA408D}.Debug|Any CPU.Build.0 = Debug|Any CPU
		{325DE41E-BD4A-4110-932E-955C56AA408D}.Release|Any CPU.ActiveCfg = Release|Any CPU
		{325DE41E-BD4A-4110-932E-955C56AA408D}.Release|Any CPU.Build.0 = Release|Any CPU
		{471221B2-5A6D-4FD2-B9D6-CAA09AED05D1}.Debug|Any CPU.ActiveCfg = Debug|Any CPU
		{471221B2-5A6D-4FD2-B9D6-CAA09AED05D1}.Debug|Any CPU.Build.0 = Debug|Any CPU
		{471221B2-5A6D-4FD2-B9D6-CAA09AED05D1}.Release|Any CPU.ActiveCfg = Release|Any CPU
		{471221B2-5A6D-4FD2-B9D6-CAA09AED05D1}.Release|Any CPU.Build.0 = Release|Any CPU
	EndGlobalSection
	GlobalSection(SolutionProperties) = preSolution
		HideSolutionNode = FALSE
	EndGlobalSection
	GlobalSection(ExtensibilityGlobals) = postSolution
		SolutionGuid = {7C1F3D99-0947-407A-884B-C03DC5B17901}
	EndGlobalSection
EndGlobal
